
Microsoft Visual Studio Solution File, Format Version 12.00
# Visual Studio Version 16
VisualStudioVersion = 16.0.30413.136
MinimumVisualStudioVersion = 10.0.40219.1
Project("{FAE04EC0-301F-11D3-BF4B-00C04F79EFBC}") = "MathiasOgRune", "MathiasOgRune.csproj", "{C63BDDB1-64FF-4CC5-AB65-940C2032A941}"
EndProject
Global
	GlobalSection(SolutionConfigurationPlatforms) = preSolution
		Debug|Any CPU = Debug|Any CPU
		Release|Any CPU = Release|Any CPU
	EndGlobalSection
	GlobalSection(ProjectConfigurationPlatforms) = postSolution
		{C63BDDB1-64FF-4CC5-AB65-940C2032A941}.Debug|Any CPU.ActiveCfg = Debug|Any CPU
		{C63BDDB1-64FF-4CC5-AB65-940C2032A941}.Debug|Any CPU.Build.0 = Debug|Any CPU
		{C63BDDB1-64FF-4CC5-AB65-940C2032A941}.Release|Any CPU.ActiveCfg = Release|Any CPU
		{C63BDDB1-64FF-4CC5-AB65-940C2032A941}.Release|Any CPU.Build.0 = Release|Any CPU
	EndGlobalSection
	GlobalSection(SolutionProperties) = preSolution
		HideSolutionNode = FALSE
	EndGlobalSection
	GlobalSection(ExtensibilityGlobals) = postSolution
		SolutionGuid = {C20614D2-5620-4185-91E9-59A99656ED73}
	EndGlobalSection
EndGlobal
